# THIS IS AN AUTOGENERATED FILE. DO NOT EDIT THIS FILE DIRECTLY.
# yarn lockfile v1


"@types/arcgis-js-api@^4.6.0":
  version "4.6.0"
  resolved "http://registry.npm.taobao.org/@types/arcgis-js-api/download/@types/arcgis-js-api-4.6.0.tgz#8224849e9ab38d55faf1a09ca997287f5afc554e"

"@types/chai@^4.0.4":
  version "4.1.1"
  resolved "http://registry.npm.taobao.org/@types/chai/download/@types/chai-4.1.1.tgz#15f1257fab17b7acb9c413f9f88d3d87f834d11e"

dojo-typings@^1.11.9:
  version "1.11.9"
  resolved "http://registry.npm.taobao.org/dojo-typings/download/dojo-typings-1.11.9.tgz#e58188366bfd4fe9508ec4fdf1675bcca0daffb3"
  dependencies:
    "@types/chai" "^4.0.4"
